
Microsoft Visual Studio Solution File, Format Version 12.00
# Visual Studio Version 17
VisualStudioVersion = 17.9.34607.119
MinimumVisualStudioVersion = 10.0.40219.1
Project("{FAE04EC0-301F-11D3-BF4B-00C04F79EFBC}") = "TaskManager", "TaskManager\TaskManager.csproj", "{44086735-48B4-4C18-9106-063FEC3C8621}"
EndProject
Global
	GlobalSection(SolutionConfigurationPlatforms) = preSolution
		Debug|Any CPU = Debug|Any CPU
		Release|Any CPU = Release|Any CPU
	EndGlobalSection
	GlobalSection(ProjectConfigurationPlatforms) = postSolution
		{44086735-48B4-4C18-9106-063FEC3C8621}.Debug|Any CPU.ActiveCfg = Debug|Any CPU
		{44086735-48B4-4C18-9106-063FEC3C8621}.Debug|Any CPU.Build.0 = Debug|Any CPU
		{44086735-48B4-4C18-9106-063FEC3C8621}.Debug|Any CPU.Deploy.0 = Debug|Any CPU
		{44086735-48B4-4C18-9106-063FEC3C8621}.Release|Any CPU.ActiveCfg = Release|Any CPU
		{44086735-48B4-4C18-9106-063FEC3C8621}.Release|Any CPU.Build.0 = Release|Any CPU
		{44086735-48B4-4C18-9106-063FEC3C8621}.Release|Any CPU.Deploy.0 = Release|Any CPU
	EndGlobalSection
	GlobalSection(SolutionProperties) = preSolution
		HideSolutionNode = FALSE
	EndGlobalSection
	GlobalSection(ExtensibilityGlobals) = postSolution
		SolutionGuid = {53F68B95-9161-4A0F-BBEC-FB309F770FD3}
	EndGlobalSection
EndGlobal
